
Microsoft Visual Studio Solution File, Format Version 12.00
# Visual Studio Version 17
VisualStudioVersion = 17.10.35004.147
MinimumVisualStudioVersion = 10.0.40219.1
Project("{FAE04EC0-301F-11D3-BF4B-00C04F79EFBC}") = "API.Domain", "API.Domain\API.Domain.csproj", "{19598CD9-28B0-4F3B-A34A-B2F1A48A56ED}"
EndProject
Project("{FAE04EC0-301F-11D3-BF4B-00C04F79EFBC}") = "API.Application", "API.Application\API.Application.csproj", "{8A316C9D-699D-4A2A-9CBC-EE692E120BBD}"
EndProject
Project("{FAE04EC0-301F-11D3-BF4B-00C04F79EFBC}") = "API.Infrastructure.Data", "API.Infrastructure.Data\API.Infrastructure.Data.csproj", "{1223507C-98C0-411D-81B7-A3B799D94916}"
EndProject
Project("{FAE04EC0-301F-11D3-BF4B-00C04F79EFBC}") = "API.Presentation", "API.Presentation\API.Presentation.csproj", "{9005A72D-72A2-4F0E-929C-70B6A1988723}"
EndProject
Global
	GlobalSection(SolutionConfigurationPlatforms) = preSolution
		Debug|Any CPU = Debug|Any CPU
		Release|Any CPU = Release|Any CPU
	EndGlobalSection
	GlobalSection(ProjectConfigurationPlatforms) = postSolution
		{19598CD9-28B0-4F3B-A34A-B2F1A48A56ED}.Debug|Any CPU.ActiveCfg = Debug|Any CPU
		{19598CD9-28B0-4F3B-A34A-B2F1A48A56ED}.Debug|Any CPU.Build.0 = Debug|Any CPU
		{19598CD9-28B0-4F3B-A34A-B2F1A48A56ED}.Release|Any CPU.ActiveCfg = Release|Any CPU
		{19598CD9-28B0-4F3B-A34A-B2F1A48A56ED}.Release|Any CPU.Build.0 = Release|Any CPU
		{8A316C9D-699D-4A2A-9CBC-EE692E120BBD}.Debug|Any CPU.ActiveCfg = Debug|Any CPU
		{8A316C9D-699D-4A2A-9CBC-EE692E120BBD}.Debug|Any CPU.Build.0 = Debug|Any CPU
		{8A316C9D-699D-4A2A-9CBC-EE692E120BBD}.Release|Any CPU.ActiveCfg = Release|Any CPU
		{8A316C9D-699D-4A2A-9CBC-EE692E120BBD}.Release|Any CPU.Build.0 = Release|Any CPU
		{1223507C-98C0-411D-81B7-A3B799D94916}.Debug|Any CPU.ActiveCfg = Debug|Any CPU
		{1223507C-98C0-411D-81B7-A3B799D94916}.Debug|Any CPU.Build.0 = Debug|Any CPU
		{1223507C-98C0-411D-81B7-A3B799D94916}.Release|Any CPU.ActiveCfg = Release|Any CPU
		{1223507C-98C0-411D-81B7-A3B799D94916}.Release|Any CPU.Build.0 = Release|Any CPU
		{9005A72D-72A2-4F0E-929C-70B6A1988723}.Debug|Any CPU.ActiveCfg = Debug|Any CPU
		{9005A72D-72A2-4F0E-929C-70B6A1988723}.Debug|Any CPU.Build.0 = Debug|Any CPU
		{9005A72D-72A2-4F0E-929C-70B6A1988723}.Release|Any CPU.ActiveCfg = Release|Any CPU
		{9005A72D-72A2-4F0E-929C-70B6A1988723}.Release|Any CPU.Build.0 = Release|Any CPU
	EndGlobalSection
	GlobalSection(SolutionProperties) = preSolution
		HideSolutionNode = FALSE
	EndGlobalSection
	GlobalSection(ExtensibilityGlobals) = postSolution
		SolutionGuid = {8E5CA3D8-3CDB-4B45-BA68-FE711B5F8769}
	EndGlobalSection
EndGlobal
